// !$*UTF8*$!
{
	archiveVersion = 1;
	classes = {
	};
	objectVersion = 56;
	objects = {

/* Begin PBXBuildFile section */
		7A2E2C8E2C576997004C6B30 /* AppDelegate.swift in Sources */ = {isa = PBXBuildFile; fileRef = 7A2E2C8D2C576997004C6B30 /* AppDelegate.swift */; };
		7A2E2C902C576997004C6B30 /* SceneDelegate.swift in Sources */ = {isa = PBXBuildFile; fileRef = 7A2E2C8F2C576997004C6B30 /* SceneDelegate.swift */; };
		7A2E2C922C576997004C6B30 /* ViewController.swift in Sources */ = {isa = PBXBuildFile; fileRef = 7A2E2C912C576997004C6B30 /* ViewController.swift */; };
		7A2E2C952C576997004C6B30 /* Base in Resources */ = {isa = PBXBuildFile; fileRef = 7A2E2C942C576997004C6B30 /* Base */; };
		7A2E2C972C576998004C6B30 /* Assets.xcassets in Resources */ = {isa = PBXBuildFile; fileRef = 7A2E2C962C576998004C6B30 /* Assets.xcassets */; };
		7A2E2C9A2C576998004C6B30 /* Base in Resources */ = {isa = PBXBuildFile; fileRef = 7A2E2C992C576998004C6B30 /* Base */; };
		7A2E2CA52C576998004C6B30 /* PocketTests.swift in Sources */ = {isa = PBXBuildFile; fileRef = 7A2E2CA42C576998004C6B30 /* PocketTests.swift */; };
		7A2E2CAF2C576998004C6B30 /* PocketUITests.swift in Sources */ = {isa = PBXBuildFile; fileRef = 7A2E2CAE2C576998004C6B30 /* PocketUITests.swift */; };
		7A2E2CB12C576998004C6B30 /* PocketUITestsLaunchTests.swift in Sources */ = {isa = PBXBuildFile; fileRef = 7A2E2CB02C576998004C6B30 /* PocketUITestsLaunchTests.swift */; };
		7A2E2CC02C576CC9004C6B30 /* DashboardVC.swift in Sources */ = {isa = PBXBuildFile; fileRef = 7A2E2CBF2C576CC9004C6B30 /* DashboardVC.swift */; };
		7A2E2CC52C5790EB004C6B30 /* Service.swift in Sources */ = {isa = PBXBuildFile; fileRef = 7A2E2CC42C5790EB004C6B30 /* Service.swift */; };
		7A4E90732C633A2600B308AD /* SideMenuSection.swift in Sources */ = {isa = PBXBuildFile; fileRef = 7A4E90722C633A2600B308AD /* SideMenuSection.swift */; };
		7A4E90772C63467700B308AD /* SettingsTableViewCell.swift in Sources */ = {isa = PBXBuildFile; fileRef = 7A4E90752C63467700B308AD /* SettingsTableViewCell.swift */; };
		7A4E90782C63467700B308AD /* SettingsTableViewCell.xib in Resources */ = {isa = PBXBuildFile; fileRef = 7A4E90762C63467700B308AD /* SettingsTableViewCell.xib */; };
		7A4E907B2C63708B00B308AD /* ProfileTableViewCell.swift in Sources */ = {isa = PBXBuildFile; fileRef = 7A4E90792C63708B00B308AD /* ProfileTableViewCell.swift */; };
		7A4E907C2C63708B00B308AD /* ProfileTableViewCell.xib in Resources */ = {isa = PBXBuildFile; fileRef = 7A4E907A2C63708B00B308AD /* ProfileTableViewCell.xib */; };
		7A4F021F2C71BE26005E48C0 /* CustomButton.swift in Sources */ = {isa = PBXBuildFile; fileRef = 7A4F021E2C71BE26005E48C0 /* CustomButton.swift */; };
		7A4F02232C71C051005E48C0 /* Helper.swift in Sources */ = {isa = PBXBuildFile; fileRef = 7A4F02222C71C051005E48C0 /* Helper.swift */; };
		7A4F02252C71C20D005E48C0 /* DeviceVariants.swift in Sources */ = {isa = PBXBuildFile; fileRef = 7A4F02242C71C20D005E48C0 /* DeviceVariants.swift */; };
		7A4F02292C71C34F005E48C0 /* Other+Extension.swift in Sources */ = {isa = PBXBuildFile; fileRef = 7A4F02282C71C34F005E48C0 /* Other+Extension.swift */; };
		7A4F022C2C71CE40005E48C0 /* testViewController.swift in Sources */ = {isa = PBXBuildFile; fileRef = 7A4F022B2C71CE40005E48C0 /* testViewController.swift */; };
		7A85D1532C5A07E30041CF04 /* shortcutCollectionViewCell.xib in Resources */ = {isa = PBXBuildFile; fileRef = 7A85D1522C5A07E30041CF04 /* shortcutCollectionViewCell.xib */; };
		7A85D1542C5A07E30041CF04 /* shortcutCollectionViewCell.swift in Sources */ = {isa = PBXBuildFile; fileRef = 7A85D1512C5A07E30041CF04 /* shortcutCollectionViewCell.swift */; };
		7A89A5752C6DD8C900A9F83D /* EducationViewController.swift in Sources */ = {isa = PBXBuildFile; fileRef = 7A89A5742C6DD8C900A9F83D /* EducationViewController.swift */; };
		7A89A57A2C6DD9E800A9F83D /* Category.swift in Sources */ = {isa = PBXBuildFile; fileRef = 7A89A5792C6DD9E800A9F83D /* Category.swift */; };
		7A89A57D2C6DDAD800A9F83D /* EducationViewModel.swift in Sources */ = {isa = PBXBuildFile; fileRef = 7A89A57C2C6DDAD800A9F83D /* EducationViewModel.swift */; };
		7A89A5822C6DE97E00A9F83D /* ext-UIView.swift in Sources */ = {isa = PBXBuildFile; fileRef = 7A89A5812C6DE97E00A9F83D /* ext-UIView.swift */; };
		7A89A5A42C6E027F00A9F83D /* EducationViewController+Delegate.swift in Sources */ = {isa = PBXBuildFile; fileRef = 7A89A5A32C6E027F00A9F83D /* EducationViewController+Delegate.swift */; };
		7A89A5A62C6E029700A9F83D /* EducationViewController+DataSource.swift in Sources */ = {isa = PBXBuildFile; fileRef = 7A89A5A52C6E029700A9F83D /* EducationViewController+DataSource.swift */; };
		7A89A5AB2C6E03BE00A9F83D /* InstitutionCategoryCollectionViewCell.swift in Sources */ = {isa = PBXBuildFile; fileRef = 7A89A5A92C6E03BE00A9F83D /* InstitutionCategoryCollectionViewCell.swift */; };
		7A89A5AC2C6E03BE00A9F83D /* InstitutionCategoryCollectionViewCell.xib in Resources */ = {isa = PBXBuildFile; fileRef = 7A89A5AA2C6E03BE00A9F83D /* InstitutionCategoryCollectionViewCell.xib */; };
		7A89A5B02C6E267700A9F83D /* RecentTableViewCell.swift in Sources */ = {isa = PBXBuildFile; fileRef = 7A89A5AE2C6E267700A9F83D /* RecentTableViewCell.swift */; };
		7A89A5B12C6E267700A9F83D /* RecentTableViewCell.xib in Resources */ = {isa = PBXBuildFile; fileRef = 7A89A5AF2C6E267700A9F83D /* RecentTableViewCell.xib */; };
		7A89A5B42C6E2C5500A9F83D /* FooterTransactionTableViewCell.xib in Resources */ = {isa = PBXBuildFile; fileRef = 7A89A5B32C6E2C5500A9F83D /* FooterTransactionTableViewCell.xib */; };
		7A89A5B52C6E2C5500A9F83D /* FooterTransactionTableViewCell.swift in Sources */ = {isa = PBXBuildFile; fileRef = 7A89A5B22C6E2C5500A9F83D /* FooterTransactionTableViewCell.swift */; };
		7AAD58342C61E123002958AE /* transactionsTableViewCell.swift in Sources */ = {isa = PBXBuildFile; fileRef = 7AAD58322C61E123002958AE /* transactionsTableViewCell.swift */; };
		7AAD58352C61E123002958AE /* transactionsTableViewCell.xib in Resources */ = {isa = PBXBuildFile; fileRef = 7AAD58332C61E123002958AE /* transactionsTableViewCell.xib */; };
		7AAD58372C61EBD0002958AE /* Transaction.swift in Sources */ = {isa = PBXBuildFile; fileRef = 7AAD58362C61EBD0002958AE /* Transaction.swift */; };
		7AADB9B22C7312FC00FD3261 /* NavBarWithBackButton.swift in Sources */ = {isa = PBXBuildFile; fileRef = 7AADB9B12C7312FC00FD3261 /* NavBarWithBackButton.swift */; };
		7AADB9BA2C73147400FD3261 /* NavBarWithBackButton.xib in Resources */ = {isa = PBXBuildFile; fileRef = 7AADB9B92C73147400FD3261 /* NavBarWithBackButton.xib */; };
		7AAF336C2C74867200F3069B /* AppDemo.gif in Resources */ = {isa = PBXBuildFile; fileRef = 7AAF336B2C74867200F3069B /* AppDemo.gif */; };
		7AB67A8D2C68A45000865807 /* DashboardVM.swift in Sources */ = {isa = PBXBuildFile; fileRef = 7AB67A8C2C68A45000865807 /* DashboardVM.swift */; };
		7AB67A912C68D05D00865807 /* IBInspectable.swift in Sources */ = {isa = PBXBuildFile; fileRef = 7AB67A902C68D05D00865807 /* IBInspectable.swift */; };
		7AC0A5B22C58E20200B6D97E /* listOfServicesCollectionViewCell.swift in Sources */ = {isa = PBXBuildFile; fileRef = 7AC0A5B02C58E20200B6D97E /* listOfServicesCollectionViewCell.swift */; };
		7AC0A5B32C58E20200B6D97E /* listOfServicesCollectionViewCell.xib in Resources */ = {isa = PBXBuildFile; fileRef = 7AC0A5B12C58E20200B6D97E /* listOfServicesCollectionViewCell.xib */; };
		7AC0A5B52C590B8400B6D97E /* ServiceSelectionViewController.swift in Sources */ = {isa = PBXBuildFile; fileRef = 7AC0A5B42C590B8400B6D97E /* ServiceSelectionViewController.swift */; };
		7AC6B2902C5F9A0E0089620A /* DashboardVC+Datasource.swift in Sources */ = {isa = PBXBuildFile; fileRef = 7AC6B28F2C5F9A0E0089620A /* DashboardVC+Datasource.swift */; };
		7AC6B2922C5F9A1D0089620A /* DashboardVC+Delegate.swift in Sources */ = {isa = PBXBuildFile; fileRef = 7AC6B2912C5F9A1D0089620A /* DashboardVC+Delegate.swift */; };
		7AC76FED2C69E1FA00DDC888 /* CACornerMask.swift in Sources */ = {isa = PBXBuildFile; fileRef = 7AC76FEC2C69E1FA00DDC888 /* CACornerMask.swift */; };
		B5EE5AC82C75D7FF00664847 /* ServiceEnum.swift in Sources */ = {isa = PBXBuildFile; fileRef = B5EE5AC72C75D7FF00664847 /* ServiceEnum.swift */; };
/* End PBXBuildFile section */

/* Begin PBXContainerItemProxy section */
		7A2E2CA12C576998004C6B30 /* PBXContainerItemProxy */ = {
			isa = PBXContainerItemProxy;
			containerPortal = 7A2E2C822C576997004C6B30 /* Project object */;
			proxyType = 1;
			remoteGlobalIDString = 7A2E2C892C576997004C6B30;
			remoteInfo = Pocket;
		};
		7A2E2CAB2C576998004C6B30 /* PBXContainerItemProxy */ = {
			isa = PBXContainerItemProxy;
			containerPortal = 7A2E2C822C576997004C6B30 /* Project object */;
			proxyType = 1;
			remoteGlobalIDString = 7A2E2C892C576997004C6B30;
			remoteInfo = Pocket;
		};
/* End PBXContainerItemProxy section */

/* Begin PBXFileReference section */
		7A2E2C8A2C576997004C6B30 /* Pocket.app */ = {isa = PBXFileReference; explicitFileType = wrapper.application; includeInIndex = 0; path = Pocket.app; sourceTree = BUILT_PRODUCTS_DIR; };
		7A2E2C8D2C576997004C6B30 /* AppDelegate.swift */ = {isa = PBXFileReference; lastKnownFileType = sourcecode.swift; path = AppDelegate.swift; sourceTree = "<group>"; };
		7A2E2C8F2C576997004C6B30 /* SceneDelegate.swift */ = {isa = PBXFileReference; lastKnownFileType = sourcecode.swift; path = SceneDelegate.swift; sourceTree = "<group>"; };
		7A2E2C912C576997004C6B30 /* ViewController.swift */ = {isa = PBXFileReference; lastKnownFileType = sourcecode.swift; path = ViewController.swift; sourceTree = "<group>"; };
		7A2E2C942C576997004C6B30 /* Base */ = {isa = PBXFileReference; lastKnownFileType = file.storyboard; name = Base; path = Base.lproj/Main.storyboard; sourceTree = "<group>"; };
		7A2E2C962C576998004C6B30 /* Assets.xcassets */ = {isa = PBXFileReference; lastKnownFileType = folder.assetcatalog; path = Assets.xcassets; sourceTree = "<group>"; };
		7A2E2C992C576998004C6B30 /* Base */ = {isa = PBXFileReference; lastKnownFileType = file.storyboard; name = Base; path = Base.lproj/LaunchScreen.storyboard; sourceTree = "<group>"; };
		7A2E2C9B2C576998004C6B30 /* Info.plist */ = {isa = PBXFileReference; lastKnownFileType = text.plist.xml; path = Info.plist; sourceTree = "<group>"; };
		7A2E2CA02C576998004C6B30 /* PocketTests.xctest */ = {isa = PBXFileReference; explicitFileType = wrapper.cfbundle; includeInIndex = 0; path = PocketTests.xctest; sourceTree = BUILT_PRODUCTS_DIR; };
		7A2E2CA42C576998004C6B30 /* PocketTests.swift */ = {isa = PBXFileReference; lastKnownFileType = sourcecode.swift; path = PocketTests.swift; sourceTree = "<group>"; };
		7A2E2CAA2C576998004C6B30 /* PocketUITests.xctest */ = {isa = PBXFileReference; explicitFileType = wrapper.cfbundle; includeInIndex = 0; path = PocketUITests.xctest; sourceTree = BUILT_PRODUCTS_DIR; };
		7A2E2CAE2C576998004C6B30 /* PocketUITests.swift */ = {isa = PBXFileReference; lastKnownFileType = sourcecode.swift; path = PocketUITests.swift; sourceTree = "<group>"; };
		7A2E2CB02C576998004C6B30 /* PocketUITestsLaunchTests.swift */ = {isa = PBXFileReference; lastKnownFileType = sourcecode.swift; path = PocketUITestsLaunchTests.swift; sourceTree = "<group>"; };
		7A2E2CBF2C576CC9004C6B30 /* DashboardVC.swift */ = {isa = PBXFileReference; lastKnownFileType = sourcecode.swift; path = DashboardVC.swift; sourceTree = "<group>"; };
		7A2E2CC42C5790EB004C6B30 /* Service.swift */ = {isa = PBXFileReference; lastKnownFileType = sourcecode.swift; path = Service.swift; sourceTree = "<group>"; };
		7A4E90722C633A2600B308AD /* SideMenuSection.swift */ = {isa = PBXFileReference; lastKnownFileType = sourcecode.swift; path = SideMenuSection.swift; sourceTree = "<group>"; };
		7A4E90752C63467700B308AD /* SettingsTableViewCell.swift */ = {isa = PBXFileReference; lastKnownFileType = sourcecode.swift; path = SettingsTableViewCell.swift; sourceTree = "<group>"; };
		7A4E90762C63467700B308AD /* SettingsTableViewCell.xib */ = {isa = PBXFileReference; lastKnownFileType = file.xib; path = SettingsTableViewCell.xib; sourceTree = "<group>"; };
		7A4E90792C63708B00B308AD /* ProfileTableViewCell.swift */ = {isa = PBXFileReference; lastKnownFileType = sourcecode.swift; path = ProfileTableViewCell.swift; sourceTree = "<group>"; };
		7A4E907A2C63708B00B308AD /* ProfileTableViewCell.xib */ = {isa = PBXFileReference; lastKnownFileType = file.xib; path = ProfileTableViewCell.xib; sourceTree = "<group>"; };
		7A4F021E2C71BE26005E48C0 /* CustomButton.swift */ = {isa = PBXFileReference; lastKnownFileType = sourcecode.swift; path = CustomButton.swift; sourceTree = "<group>"; };
		7A4F02222C71C051005E48C0 /* Helper.swift */ = {isa = PBXFileReference; lastKnownFileType = sourcecode.swift; path = Helper.swift; sourceTree = "<group>"; };
		7A4F02242C71C20D005E48C0 /* DeviceVariants.swift */ = {isa = PBXFileReference; lastKnownFileType = sourcecode.swift; path = DeviceVariants.swift; sourceTree = "<group>"; };
		7A4F02282C71C34F005E48C0 /* Other+Extension.swift */ = {isa = PBXFileReference; lastKnownFileType = sourcecode.swift; path = "Other+Extension.swift"; sourceTree = "<group>"; };
		7A4F022B2C71CE40005E48C0 /* testViewController.swift */ = {isa = PBXFileReference; lastKnownFileType = sourcecode.swift; path = testViewController.swift; sourceTree = "<group>"; };
		7A85D1512C5A07E30041CF04 /* shortcutCollectionViewCell.swift */ = {isa = PBXFileReference; lastKnownFileType = sourcecode.swift; path = shortcutCollectionViewCell.swift; sourceTree = "<group>"; };
		7A85D1522C5A07E30041CF04 /* shortcutCollectionViewCell.xib */ = {isa = PBXFileReference; lastKnownFileType = file.xib; path = shortcutCollectionViewCell.xib; sourceTree = "<group>"; };
		7A89A5742C6DD8C900A9F83D /* EducationViewController.swift */ = {isa = PBXFileReference; lastKnownFileType = sourcecode.swift; path = EducationViewController.swift; sourceTree = "<group>"; };
		7A89A5792C6DD9E800A9F83D /* Category.swift */ = {isa = PBXFileReference; lastKnownFileType = sourcecode.swift; path = Category.swift; sourceTree = "<group>"; };
		7A89A57C2C6DDAD800A9F83D /* EducationViewModel.swift */ = {isa = PBXFileReference; lastKnownFileType = sourcecode.swift; path = EducationViewModel.swift; sourceTree = "<group>"; };
		7A89A5812C6DE97E00A9F83D /* ext-UIView.swift */ = {isa = PBXFileReference; lastKnownFileType = sourcecode.swift; path = "ext-UIView.swift"; sourceTree = "<group>"; };
		7A89A5A32C6E027F00A9F83D /* EducationViewController+Delegate.swift */ = {isa = PBXFileReference; lastKnownFileType = sourcecode.swift; path = "EducationViewController+Delegate.swift"; sourceTree = "<group>"; };
		7A89A5A52C6E029700A9F83D /* EducationViewController+DataSource.swift */ = {isa = PBXFileReference; lastKnownFileType = sourcecode.swift; path = "EducationViewController+DataSource.swift"; sourceTree = "<group>"; };
		7A89A5A92C6E03BE00A9F83D /* InstitutionCategoryCollectionViewCell.swift */ = {isa = PBXFileReference; lastKnownFileType = sourcecode.swift; path = InstitutionCategoryCollectionViewCell.swift; sourceTree = "<group>"; };
		7A89A5AA2C6E03BE00A9F83D /* InstitutionCategoryCollectionViewCell.xib */ = {isa = PBXFileReference; lastKnownFileType = file.xib; path = InstitutionCategoryCollectionViewCell.xib; sourceTree = "<group>"; };
		7A89A5AE2C6E267700A9F83D /* RecentTableViewCell.swift */ = {isa = PBXFileReference; lastKnownFileType = sourcecode.swift; path = RecentTableViewCell.swift; sourceTree = "<group>"; };
		7A89A5AF2C6E267700A9F83D /* RecentTableViewCell.xib */ = {isa = PBXFileReference; lastKnownFileType = file.xib; path = RecentTableViewCell.xib; sourceTree = "<group>"; };
		7A89A5B22C6E2C5500A9F83D /* FooterTransactionTableViewCell.swift */ = {isa = PBXFileReference; lastKnownFileType = sourcecode.swift; path = FooterTransactionTableViewCell.swift; sourceTree = "<group>"; };
		7A89A5B32C6E2C5500A9F83D /* FooterTransactionTableViewCell.xib */ = {isa = PBXFileReference; lastKnownFileType = file.xib; path = FooterTransactionTableViewCell.xib; sourceTree = "<group>"; };
		7AAD58322C61E123002958AE /* transactionsTableViewCell.swift */ = {isa = PBXFileReference; lastKnownFileType = sourcecode.swift; path = transactionsTableViewCell.swift; sourceTree = "<group>"; };
		7AAD58332C61E123002958AE /* transactionsTableViewCell.xib */ = {isa = PBXFileReference; lastKnownFileType = file.xib; path = transactionsTableViewCell.xib; sourceTree = "<group>"; };
		7AAD58362C61EBD0002958AE /* Transaction.swift */ = {isa = PBXFileReference; lastKnownFileType = sourcecode.swift; path = Transaction.swift; sourceTree = "<group>"; };
		7AADB9B12C7312FC00FD3261 /* NavBarWithBackButton.swift */ = {isa = PBXFileReference; lastKnownFileType = sourcecode.swift; path = NavBarWithBackButton.swift; sourceTree = "<group>"; };
		7AADB9B92C73147400FD3261 /* NavBarWithBackButton.xib */ = {isa = PBXFileReference; lastKnownFileType = file.xib; path = NavBarWithBackButton.xib; sourceTree = "<group>"; };
		7AAF336B2C74867200F3069B /* AppDemo.gif */ = {isa = PBXFileReference; lastKnownFileType = image.gif; path = AppDemo.gif; sourceTree = "<group>"; };
		7AB67A8C2C68A45000865807 /* DashboardVM.swift */ = {isa = PBXFileReference; lastKnownFileType = sourcecode.swift; path = DashboardVM.swift; sourceTree = "<group>"; };
		7AB67A902C68D05D00865807 /* IBInspectable.swift */ = {isa = PBXFileReference; lastKnownFileType = sourcecode.swift; path = IBInspectable.swift; sourceTree = "<group>"; };
		7AC0A5B02C58E20200B6D97E /* listOfServicesCollectionViewCell.swift */ = {isa = PBXFileReference; lastKnownFileType = sourcecode.swift; path = listOfServicesCollectionViewCell.swift; sourceTree = "<group>"; };
		7AC0A5B12C58E20200B6D97E /* listOfServicesCollectionViewCell.xib */ = {isa = PBXFileReference; lastKnownFileType = file.xib; path = listOfServicesCollectionViewCell.xib; sourceTree = "<group>"; };
		7AC0A5B42C590B8400B6D97E /* ServiceSelectionViewController.swift */ = {isa = PBXFileReference; lastKnownFileType = sourcecode.swift; path = ServiceSelectionViewController.swift; sourceTree = "<group>"; };
		7AC6B28F2C5F9A0E0089620A /* DashboardVC+Datasource.swift */ = {isa = PBXFileReference; lastKnownFileType = sourcecode.swift; path = "DashboardVC+Datasource.swift"; sourceTree = "<group>"; };
		7AC6B2912C5F9A1D0089620A /* DashboardVC+Delegate.swift */ = {isa = PBXFileReference; lastKnownFileType = sourcecode.swift; path = "DashboardVC+Delegate.swift"; sourceTree = "<group>"; };
		7AC76FEC2C69E1FA00DDC888 /* CACornerMask.swift */ = {isa = PBXFileReference; lastKnownFileType = sourcecode.swift; path = CACornerMask.swift; sourceTree = "<group>"; };
		B5EE5AC72C75D7FF00664847 /* ServiceEnum.swift */ = {isa = PBXFileReference; lastKnownFileType = sourcecode.swift; path = ServiceEnum.swift; sourceTree = "<group>"; };
/* End PBXFileReference section */

/* Begin PBXFrameworksBuildPhase section */
		7A2E2C872C576997004C6B30 /* Frameworks */ = {
			isa = PBXFrameworksBuildPhase;
			buildActionMask = 2147483647;
			files = (
			);
			runOnlyForDeploymentPostprocessing = 0;
		};
		7A2E2C9D2C576998004C6B30 /* Frameworks */ = {
			isa = PBXFrameworksBuildPhase;
			buildActionMask = 2147483647;
			files = (
			);
			runOnlyForDeploymentPostprocessing = 0;
		};
		7A2E2CA72C576998004C6B30 /* Frameworks */ = {
			isa = PBXFrameworksBuildPhase;
			buildActionMask = 2147483647;
			files = (
			);
			runOnlyForDeploymentPostprocessing = 0;
		};
/* End PBXFrameworksBuildPhase section */

/* Begin PBXGroup section */
		7A0D12602C6B7CED0067CED0 /* Extensions */ = {
			isa = PBXGroup;
			children = (
				7A89A5812C6DE97E00A9F83D /* ext-UIView.swift */,
				7A4F02282C71C34F005E48C0 /* Other+Extension.swift */,
			);
			path = Extensions;
			sourceTree = "<group>";
		};
		7A2E2C812C576997004C6B30 = {
			isa = PBXGroup;
			children = (
				7A2E2C8C2C576997004C6B30 /* Pocket */,
				7A2E2CA32C576998004C6B30 /* PocketTests */,
				7A2E2CAD2C576998004C6B30 /* PocketUITests */,
				7A2E2C8B2C576997004C6B30 /* Products */,
			);
			sourceTree = "<group>";
		};
		7A2E2C8B2C576997004C6B30 /* Products */ = {
			isa = PBXGroup;
			children = (
				7A2E2C8A2C576997004C6B30 /* Pocket.app */,
				7A2E2CA02C576998004C6B30 /* PocketTests.xctest */,
				7A2E2CAA2C576998004C6B30 /* PocketUITests.xctest */,
			);
			name = Products;
			sourceTree = "<group>";
		};
		7A2E2C8C2C576997004C6B30 /* Pocket */ = {
			isa = PBXGroup;
			children = (
				7AAF336A2C74865C00F3069B /* Media */,
				7A4F021D2C71BE13005E48C0 /* Utility */,
				7AB67A8F2C68D04A00865807 /* IBInspectable */,
				7AC0A5AE2C58E1C100B6D97E /* xib */,
				7A2E2CC12C577029004C6B30 /* Model */,
				7AB67A8E2C68B97B00865807 /* View Controllers */,
				7AB67A882C68A42400865807 /* ViewModel */,
				7A0D12602C6B7CED0067CED0 /* Extensions */,
				7A2E2C8D2C576997004C6B30 /* AppDelegate.swift */,
				7A2E2C8F2C576997004C6B30 /* SceneDelegate.swift */,
				7A2E2C912C576997004C6B30 /* ViewController.swift */,
				7A2E2C932C576997004C6B30 /* Main.storyboard */,
				7A2E2C962C576998004C6B30 /* Assets.xcassets */,
				7A2E2C982C576998004C6B30 /* LaunchScreen.storyboard */,
				7A2E2C9B2C576998004C6B30 /* Info.plist */,
			);
			path = Pocket;
			sourceTree = "<group>";
		};
		7A2E2CA32C576998004C6B30 /* PocketTests */ = {
			isa = PBXGroup;
			children = (
				7A2E2CA42C576998004C6B30 /* PocketTests.swift */,
			);
			path = PocketTests;
			sourceTree = "<group>";
		};
		7A2E2CAD2C576998004C6B30 /* PocketUITests */ = {
			isa = PBXGroup;
			children = (
				7A2E2CAE2C576998004C6B30 /* PocketUITests.swift */,
				7A2E2CB02C576998004C6B30 /* PocketUITestsLaunchTests.swift */,
			);
			path = PocketUITests;
			sourceTree = "<group>";
		};
		7A2E2CBD2C576C8E004C6B30 /* Scenes */ = {
			isa = PBXGroup;
			children = (
				7A4F022A2C71CE33005E48C0 /* test */,
				7A89A5732C6DD8BB00A9F83D /* Education */,
				7AC6B2932C5F9A250089620A /* Selection */,
				7A2E2CBE2C576C95004C6B30 /* Dashboard */,
			);
			path = Scenes;
			sourceTree = "<group>";
		};
		7A2E2CBE2C576C95004C6B30 /* Dashboard */ = {
			isa = PBXGroup;
			children = (
				7A2E2CBF2C576CC9004C6B30 /* DashboardVC.swift */,
				7AC6B2912C5F9A1D0089620A /* DashboardVC+Delegate.swift */,
				7AC6B28F2C5F9A0E0089620A /* DashboardVC+Datasource.swift */,
			);
			path = Dashboard;
			sourceTree = "<group>";
		};
		7A2E2CC12C577029004C6B30 /* Model */ = {
			isa = PBXGroup;
			children = (
				7A89A57E2C6DDAE200A9F83D /* Dashboard */,
				7A89A5762C6DD99700A9F83D /* Education */,
			);
			path = Model;
			sourceTree = "<group>";
		};
		7A4E90742C63465300B308AD /* SideMenuTableView */ = {
			isa = PBXGroup;
			children = (
				7A4E90752C63467700B308AD /* SettingsTableViewCell.swift */,
				7A4E90762C63467700B308AD /* SettingsTableViewCell.xib */,
				7A4E90792C63708B00B308AD /* ProfileTableViewCell.swift */,
				7A4E907A2C63708B00B308AD /* ProfileTableViewCell.xib */,
			);
			path = SideMenuTableView;
			sourceTree = "<group>";
		};
		7A4F021D2C71BE13005E48C0 /* Utility */ = {
			isa = PBXGroup;
			children = (
				B5EE5AC62C75D7E500664847 /* Enum */,
				7A4F021E2C71BE26005E48C0 /* CustomButton.swift */,
				7A4F02222C71C051005E48C0 /* Helper.swift */,
				7A4F02242C71C20D005E48C0 /* DeviceVariants.swift */,
			);
			path = Utility;
			sourceTree = "<group>";
		};
		7A4F022A2C71CE33005E48C0 /* test */ = {
			isa = PBXGroup;
			children = (
				7A4F022B2C71CE40005E48C0 /* testViewController.swift */,
			);
			path = test;
			sourceTree = "<group>";
		};
		7A85D1502C5A07B50041CF04 /* DashboardTableView */ = {
			isa = PBXGroup;
			children = (
				7AAD58322C61E123002958AE /* transactionsTableViewCell.swift */,
				7AAD58332C61E123002958AE /* transactionsTableViewCell.xib */,
				7A89A5B22C6E2C5500A9F83D /* FooterTransactionTableViewCell.swift */,
				7A89A5B32C6E2C5500A9F83D /* FooterTransactionTableViewCell.xib */,
			);
			path = DashboardTableView;
			sourceTree = "<group>";
		};
		7A89A5732C6DD8BB00A9F83D /* Education */ = {
			isa = PBXGroup;
			children = (
				7A89A5742C6DD8C900A9F83D /* EducationViewController.swift */,
				7A89A5A32C6E027F00A9F83D /* EducationViewController+Delegate.swift */,
				7A89A5A52C6E029700A9F83D /* EducationViewController+DataSource.swift */,
			);
			path = Education;
			sourceTree = "<group>";
		};
		7A89A5762C6DD99700A9F83D /* Education */ = {
			isa = PBXGroup;
			children = (
				7A89A5792C6DD9E800A9F83D /* Category.swift */,
			);
			path = Education;
			sourceTree = "<group>";
		};
		7A89A57B2C6DDACA00A9F83D /* Education */ = {
			isa = PBXGroup;
			children = (
				7A89A57C2C6DDAD800A9F83D /* EducationViewModel.swift */,
			);
			path = Education;
			sourceTree = "<group>";
		};
		7A89A57E2C6DDAE200A9F83D /* Dashboard */ = {
			isa = PBXGroup;
			children = (
				7A2E2CC42C5790EB004C6B30 /* Service.swift */,
				7AAD58362C61EBD0002958AE /* Transaction.swift */,
				7A4E90722C633A2600B308AD /* SideMenuSection.swift */,
				7AC76FEC2C69E1FA00DDC888 /* CACornerMask.swift */,
			);
			path = Dashboard;
			sourceTree = "<group>";
		};
		7A89A5A72C6E038700A9F83D /* Education */ = {
			isa = PBXGroup;
			children = (
				7A89A5AD2C6E265400A9F83D /* RecentTableView */,
				7A89A5A82C6E039B00A9F83D /* InstitutionCollectionView */,
			);
			path = Education;
			sourceTree = "<group>";
		};
		7A89A5A82C6E039B00A9F83D /* InstitutionCollectionView */ = {
			isa = PBXGroup;
			children = (
				7A89A5A92C6E03BE00A9F83D /* InstitutionCategoryCollectionViewCell.swift */,
				7A89A5AA2C6E03BE00A9F83D /* InstitutionCategoryCollectionViewCell.xib */,
			);
			path = InstitutionCollectionView;
			sourceTree = "<group>";
		};
		7A89A5AD2C6E265400A9F83D /* RecentTableView */ = {
			isa = PBXGroup;
			children = (
				7A89A5AE2C6E267700A9F83D /* RecentTableViewCell.swift */,
				7A89A5AF2C6E267700A9F83D /* RecentTableViewCell.xib */,
			);
			path = RecentTableView;
			sourceTree = "<group>";
		};
		7AADB9AE2C7311EA00FD3261 /* Navigation Bar  */ = {
			isa = PBXGroup;
			children = (
				7AADB9B12C7312FC00FD3261 /* NavBarWithBackButton.swift */,
				7AADB9B92C73147400FD3261 /* NavBarWithBackButton.xib */,
			);
			path = "Navigation Bar ";
			sourceTree = "<group>";
		};
		7AAF336A2C74865C00F3069B /* Media */ = {
			isa = PBXGroup;
			children = (
				7AAF336B2C74867200F3069B /* AppDemo.gif */,
			);
			path = Media;
			sourceTree = "<group>";
		};
		7AB67A882C68A42400865807 /* ViewModel */ = {
			isa = PBXGroup;
			children = (
				7AB67A892C68A42D00865807 /* Scenes */,
			);
			path = ViewModel;
			sourceTree = "<group>";
		};
		7AB67A892C68A42D00865807 /* Scenes */ = {
			isa = PBXGroup;
			children = (
				7A89A57B2C6DDACA00A9F83D /* Education */,
				7AB67A8B2C68A43F00865807 /* Dashboard */,
			);
			path = Scenes;
			sourceTree = "<group>";
		};
		7AB67A8B2C68A43F00865807 /* Dashboard */ = {
			isa = PBXGroup;
			children = (
				7AB67A8C2C68A45000865807 /* DashboardVM.swift */,
			);
			path = Dashboard;
			sourceTree = "<group>";
		};
		7AB67A8E2C68B97B00865807 /* View Controllers */ = {
			isa = PBXGroup;
			children = (
				7A2E2CBD2C576C8E004C6B30 /* Scenes */,
			);
			path = "View Controllers";
			sourceTree = "<group>";
		};
		7AB67A8F2C68D04A00865807 /* IBInspectable */ = {
			isa = PBXGroup;
			children = (
				7AB67A902C68D05D00865807 /* IBInspectable.swift */,
			);
			path = IBInspectable;
			sourceTree = "<group>";
		};
		7AC0A5AE2C58E1C100B6D97E /* xib */ = {
			isa = PBXGroup;
			children = (
				7AADB9AE2C7311EA00FD3261 /* Navigation Bar  */,
				7A89A5A72C6E038700A9F83D /* Education */,
				7A4E90742C63465300B308AD /* SideMenuTableView */,
				7A85D1502C5A07B50041CF04 /* DashboardTableView */,
				7AC0A5AF2C58E1C800B6D97E /* DashboardServiceCollectionView */,
			);
			path = xib;
			sourceTree = "<group>";
		};
		7AC0A5AF2C58E1C800B6D97E /* DashboardServiceCollectionView */ = {
			isa = PBXGroup;
			children = (
				7AC0A5B02C58E20200B6D97E /* listOfServicesCollectionViewCell.swift */,
				7AC0A5B12C58E20200B6D97E /* listOfServicesCollectionViewCell.xib */,
				7A85D1512C5A07E30041CF04 /* shortcutCollectionViewCell.swift */,
				7A85D1522C5A07E30041CF04 /* shortcutCollectionViewCell.xib */,
			);
			path = DashboardServiceCollectionView;
			sourceTree = "<group>";
		};
		7AC6B2932C5F9A250089620A /* Selection */ = {
			isa = PBXGroup;
			children = (
				7AC0A5B42C590B8400B6D97E /* ServiceSelectionViewController.swift */,
			);
			path = Selection;
			sourceTree = "<group>";
		};
		B5EE5AC62C75D7E500664847 /* Enum */ = {
			isa = PBXGroup;
			children = (
				B5EE5AC72C75D7FF00664847 /* ServiceEnum.swift */,
			);
			path = Enum;
			sourceTree = "<group>";
		};
/* End PBXGroup section */

/* Begin PBXNativeTarget section */
		7A2E2C892C576997004C6B30 /* Pocket */ = {
			isa = PBXNativeTarget;
			buildConfigurationList = 7A2E2CB42C576998004C6B30 /* Build configuration list for PBXNativeTarget "Pocket" */;
			buildPhases = (
				7A2E2C862C576997004C6B30 /* Sources */,
				7A2E2C872C576997004C6B30 /* Frameworks */,
				7A2E2C882C576997004C6B30 /* Resources */,
			);
			buildRules = (
			);
			dependencies = (
			);
			name = Pocket;
			productName = Pocket;
			productReference = 7A2E2C8A2C576997004C6B30 /* Pocket.app */;
			productType = "com.apple.product-type.application";
		};
		7A2E2C9F2C576998004C6B30 /* PocketTests */ = {
			isa = PBXNativeTarget;
			buildConfigurationList = 7A2E2CB72C576998004C6B30 /* Build configuration list for PBXNativeTarget "PocketTests" */;
			buildPhases = (
				7A2E2C9C2C576998004C6B30 /* Sources */,
				7A2E2C9D2C576998004C6B30 /* Frameworks */,
				7A2E2C9E2C576998004C6B30 /* Resources */,
			);
			buildRules = (
			);
			dependencies = (
				7A2E2CA22C576998004C6B30 /* PBXTargetDependency */,
			);
			name = PocketTests;
			productName = PocketTests;
			productReference = 7A2E2CA02C576998004C6B30 /* PocketTests.xctest */;
			productType = "com.apple.product-type.bundle.unit-test";
		};
		7A2E2CA92C576998004C6B30 /* PocketUITests */ = {
			isa = PBXNativeTarget;
			buildConfigurationList = 7A2E2CBA2C576998004C6B30 /* Build configuration list for PBXNativeTarget "PocketUITests" */;
			buildPhases = (
				7A2E2CA62C576998004C6B30 /* Sources */,
				7A2E2CA72C576998004C6B30 /* Frameworks */,
				7A2E2CA82C576998004C6B30 /* Resources */,
			);
			buildRules = (
			);
			dependencies = (
				7A2E2CAC2C576998004C6B30 /* PBXTargetDependency */,
			);
			name = PocketUITests;
			productName = PocketUITests;
			productReference = 7A2E2CAA2C576998004C6B30 /* PocketUITests.xctest */;
			productType = "com.apple.product-type.bundle.ui-testing";
		};
/* End PBXNativeTarget section */

/* Begin PBXProject section */
		7A2E2C822C576997004C6B30 /* Project object */ = {
			isa = PBXProject;
			attributes = {
				BuildIndependentTargetsInParallel = 1;
				LastSwiftUpdateCheck = 1540;
				LastUpgradeCheck = 1540;
				TargetAttributes = {
					7A2E2C892C576997004C6B30 = {
						CreatedOnToolsVersion = 15.4;
					};
					7A2E2C9F2C576998004C6B30 = {
						CreatedOnToolsVersion = 15.4;
						TestTargetID = 7A2E2C892C576997004C6B30;
					};
					7A2E2CA92C576998004C6B30 = {
						CreatedOnToolsVersion = 15.4;
						TestTargetID = 7A2E2C892C576997004C6B30;
					};
				};
			};
			buildConfigurationList = 7A2E2C852C576997004C6B30 /* Build configuration list for PBXProject "Pocket" */;
			compatibilityVersion = "Xcode 14.0";
			developmentRegion = en;
			hasScannedForEncodings = 0;
			knownRegions = (
				en,
				Base,
			);
			mainGroup = 7A2E2C812C576997004C6B30;
			productRefGroup = 7A2E2C8B2C576997004C6B30 /* Products */;
			projectDirPath = "";
			projectRoot = "";
			targets = (
				7A2E2C892C576997004C6B30 /* Pocket */,
				7A2E2C9F2C576998004C6B30 /* PocketTests */,
				7A2E2CA92C576998004C6B30 /* PocketUITests */,
			);
		};
/* End PBXProject section */

/* Begin PBXResourcesBuildPhase section */
		7A2E2C882C576997004C6B30 /* Resources */ = {
			isa = PBXResourcesBuildPhase;
			buildActionMask = 2147483647;
			files = (
				7A89A5B12C6E267700A9F83D /* RecentTableViewCell.xib in Resources */,
				7A89A5AC2C6E03BE00A9F83D /* InstitutionCategoryCollectionViewCell.xib in Resources */,
				7A4E90782C63467700B308AD /* SettingsTableViewCell.xib in Resources */,
				7A2E2C972C576998004C6B30 /* Assets.xcassets in Resources */,
				7AADB9BA2C73147400FD3261 /* NavBarWithBackButton.xib in Resources */,
				7A89A5B42C6E2C5500A9F83D /* FooterTransactionTableViewCell.xib in Resources */,
				7A85D1532C5A07E30041CF04 /* shortcutCollectionViewCell.xib in Resources */,
				7AAD58352C61E123002958AE /* transactionsTableViewCell.xib in Resources */,
				7AC0A5B32C58E20200B6D97E /* listOfServicesCollectionViewCell.xib in Resources */,
				7AAF336C2C74867200F3069B /* AppDemo.gif in Resources */,
				7A4E907C2C63708B00B308AD /* ProfileTableViewCell.xib in Resources */,
				7A2E2C9A2C576998004C6B30 /* Base in Resources */,
				7A2E2C952C576997004C6B30 /* Base in Resources */,
			);
			runOnlyForDeploymentPostprocessing = 0;
		};
		7A2E2C9E2C576998004C6B30 /* Resources */ = {
			isa = PBXResourcesBuildPhase;
			buildActionMask = 2147483647;
			files = (
			);
			runOnlyForDeploymentPostprocessing = 0;
		};
		7A2E2CA82C576998004C6B30 /* Resources */ = {
			isa = PBXResourcesBuildPhase;
			buildActionMask = 2147483647;
			files = (
			);
			runOnlyForDeploymentPostprocessing = 0;
		};
/* End PBXResourcesBuildPhase section */

/* Begin PBXSourcesBuildPhase section */
		7A2E2C862C576997004C6B30 /* Sources */ = {
			isa = PBXSourcesBuildPhase;
			buildActionMask = 2147483647;
			files = (
				7AB67A912C68D05D00865807 /* IBInspectable.swift in Sources */,
				7A4F02252C71C20D005E48C0 /* DeviceVariants.swift in Sources */,
				B5EE5AC82C75D7FF00664847 /* ServiceEnum.swift in Sources */,
				7A2E2C922C576997004C6B30 /* ViewController.swift in Sources */,
				7AAD58372C61EBD0002958AE /* Transaction.swift in Sources */,
				7AC6B2922C5F9A1D0089620A /* DashboardVC+Delegate.swift in Sources */,
				7A4F02292C71C34F005E48C0 /* Other+Extension.swift in Sources */,
				7A4F021F2C71BE26005E48C0 /* CustomButton.swift in Sources */,
				7A4E907B2C63708B00B308AD /* ProfileTableViewCell.swift in Sources */,
				7A2E2CC52C5790EB004C6B30 /* Service.swift in Sources */,
				7AADB9B22C7312FC00FD3261 /* NavBarWithBackButton.swift in Sources */,
				7A4E90772C63467700B308AD /* SettingsTableViewCell.swift in Sources */,
				7A2E2CC02C576CC9004C6B30 /* DashboardVC.swift in Sources */,
				7A89A5B02C6E267700A9F83D /* RecentTableViewCell.swift in Sources */,
				7A89A57D2C6DDAD800A9F83D /* EducationViewModel.swift in Sources */,
				7AB67A8D2C68A45000865807 /* DashboardVM.swift in Sources */,
				7A89A5B52C6E2C5500A9F83D /* FooterTransactionTableViewCell.swift in Sources */,
				7A89A5A42C6E027F00A9F83D /* EducationViewController+Delegate.swift in Sources */,
				7A2E2C8E2C576997004C6B30 /* AppDelegate.swift in Sources */,
				7AAD58342C61E123002958AE /* transactionsTableViewCell.swift in Sources */,
				7A4F022C2C71CE40005E48C0 /* testViewController.swift in Sources */,
				7A89A57A2C6DD9E800A9F83D /* Category.swift in Sources */,
				7A85D1542C5A07E30041CF04 /* shortcutCollectionViewCell.swift in Sources */,
				7A89A5AB2C6E03BE00A9F83D /* InstitutionCategoryCollectionViewCell.swift in Sources */,
				7AC6B2902C5F9A0E0089620A /* DashboardVC+Datasource.swift in Sources */,
				7AC0A5B52C590B8400B6D97E /* ServiceSelectionViewController.swift in Sources */,
				7AC76FED2C69E1FA00DDC888 /* CACornerMask.swift in Sources */,
				7A89A5822C6DE97E00A9F83D /* ext-UIView.swift in Sources */,
				7A89A5752C6DD8C900A9F83D /* EducationViewController.swift in Sources */,
				7A89A5A62C6E029700A9F83D /* EducationViewController+DataSource.swift in Sources */,
				7A2E2C902C576997004C6B30 /* SceneDelegate.swift in Sources */,
				7AC0A5B22C58E20200B6D97E /* listOfServicesCollectionViewCell.swift in Sources */,
				7A4F02232C71C051005E48C0 /* Helper.swift in Sources */,
				7A4E90732C633A2600B308AD /* SideMenuSection.swift in Sources */,
			);
			runOnlyForDeploymentPostprocessing = 0;
		};
		7A2E2C9C2C576998004C6B30 /* Sources */ = {
			isa = PBXSourcesBuildPhase;
			buildActionMask = 2147483647;
			files = (
				7A2E2CA52C576998004C6B30 /* PocketTests.swift in Sources */,
			);
			runOnlyForDeploymentPostprocessing = 0;
		};
		7A2E2CA62C576998004C6B30 /* Sources */ = {
			isa = PBXSourcesBuildPhase;
			buildActionMask = 2147483647;
			files = (
				7A2E2CB12C576998004C6B30 /* PocketUITestsLaunchTests.swift in Sources */,
				7A2E2CAF2C576998004C6B30 /* PocketUITests.swift in Sources */,
			);
			runOnlyForDeploymentPostprocessing = 0;
		};
/* End PBXSourcesBuildPhase section */

/* Begin PBXTargetDependency section */
		7A2E2CA22C576998004C6B30 /* PBXTargetDependency */ = {
			isa = PBXTargetDependency;
			target = 7A2E2C892C576997004C6B30 /* Pocket */;
			targetProxy = 7A2E2CA12C576998004C6B30 /* PBXContainerItemProxy */;
		};
		7A2E2CAC2C576998004C6B30 /* PBXTargetDependency */ = {
			isa = PBXTargetDependency;
			target = 7A2E2C892C576997004C6B30 /* Pocket */;
			targetProxy = 7A2E2CAB2C576998004C6B30 /* PBXContainerItemProxy */;
		};
/* End PBXTargetDependency section */

/* Begin PBXVariantGroup section */
		7A2E2C932C576997004C6B30 /* Main.storyboard */ = {
			isa = PBXVariantGroup;
			children = (
				7A2E2C942C576997004C6B30 /* Base */,
			);
			name = Main.storyboard;
			sourceTree = "<group>";
		};
		7A2E2C982C576998004C6B30 /* LaunchScreen.storyboard */ = {
			isa = PBXVariantGroup;
			children = (
				7A2E2C992C576998004C6B30 /* Base */,
			);
			name = LaunchScreen.storyboard;
			sourceTree = "<group>";
		};
/* End PBXVariantGroup section */

/* Begin XCBuildConfiguration section */
		7A2E2CB22C576998004C6B30 /* Debug */ = {
			isa = XCBuildConfiguration;
			buildSettings = {
				ALWAYS_SEARCH_USER_PATHS = NO;
				ASSETCATALOG_COMPILER_GENERATE_SWIFT_ASSET_SYMBOL_EXTENSIONS = YES;
				CLANG_ANALYZER_NONNULL = YES;
				CLANG_ANALYZER_NUMBER_OBJECT_CONVERSION = YES_AGGRESSIVE;
				CLANG_CXX_LANGUAGE_STANDARD = "gnu++20";
				CLANG_ENABLE_MODULES = YES;
				CLANG_ENABLE_OBJC_ARC = YES;
				CLANG_ENABLE_OBJC_WEAK = YES;
				CLANG_WARN_BLOCK_CAPTURE_AUTORELEASING = YES;
				CLANG_WARN_BOOL_CONVERSION = YES;
				CLANG_WARN_COMMA = YES;
				CLANG_WARN_CONSTANT_CONVERSION = YES;
				CLANG_WARN_DEPRECATED_OBJC_IMPLEMENTATIONS = YES;
				CLANG_WARN_DIRECT_OBJC_ISA_USAGE = YES_ERROR;
				CLANG_WARN_DOCUMENTATION_COMMENTS = YES;
				CLANG_WARN_EMPTY_BODY = YES;
				CLANG_WARN_ENUM_CONVERSION = YES;
				CLANG_WARN_INFINITE_RECURSION = YES;
				CLANG_WARN_INT_CONVERSION = YES;
				CLANG_WARN_NON_LITERAL_NULL_CONVERSION = YES;
				CLANG_WARN_OBJC_IMPLICIT_RETAIN_SELF = YES;
				CLANG_WARN_OBJC_LITERAL_CONVERSION = YES;
				CLANG_WARN_OBJC_ROOT_CLASS = YES_ERROR;
				CLANG_WARN_QUOTED_INCLUDE_IN_FRAMEWORK_HEADER = YES;
				CLANG_WARN_RANGE_LOOP_ANALYSIS = YES;
				CLANG_WARN_STRICT_PROTOTYPES = YES;
				CLANG_WARN_SUSPICIOUS_MOVE = YES;
				CLANG_WARN_UNGUARDED_AVAILABILITY = YES_AGGRESSIVE;
				CLANG_WARN_UNREACHABLE_CODE = YES;
				CLANG_WARN__DUPLICATE_METHOD_MATCH = YES;
				COPY_PHASE_STRIP = NO;
				DEBUG_INFORMATION_FORMAT = dwarf;
				ENABLE_STRICT_OBJC_MSGSEND = YES;
				ENABLE_TESTABILITY = YES;
				ENABLE_USER_SCRIPT_SANDBOXING = YES;
				GCC_C_LANGUAGE_STANDARD = gnu17;
				GCC_DYNAMIC_NO_PIC = NO;
				GCC_NO_COMMON_BLOCKS = YES;
				GCC_OPTIMIZATION_LEVEL = 0;
				GCC_PREPROCESSOR_DEFINITIONS = (
					"DEBUG=1",
					"$(inherited)",
				);
				GCC_WARN_64_TO_32_BIT_CONVERSION = YES;
				GCC_WARN_ABOUT_RETURN_TYPE = YES_ERROR;
				GCC_WARN_UNDECLARED_SELECTOR = YES;
				GCC_WARN_UNINITIALIZED_AUTOS = YES_AGGRESSIVE;
				GCC_WARN_UNUSED_FUNCTION = YES;
				GCC_WARN_UNUSED_VARIABLE = YES;
				IPHONEOS_DEPLOYMENT_TARGET = 17.5;
				LOCALIZATION_PREFERS_STRING_CATALOGS = YES;
				MTL_ENABLE_DEBUG_INFO = INCLUDE_SOURCE;
				MTL_FAST_MATH = YES;
				ONLY_ACTIVE_ARCH = YES;
				SDKROOT = iphoneos;
				SWIFT_ACTIVE_COMPILATION_CONDITIONS = "DEBUG $(inherited)";
				SWIFT_OPTIMIZATION_LEVEL = "-Onone";
			};
			name = Debug;
		};
		7A2E2CB32C576998004C6B30 /* Release */ = {
			isa = XCBuildConfiguration;
			buildSettings = {
				ALWAYS_SEARCH_USER_PATHS = NO;
				ASSETCATALOG_COMPILER_GENERATE_SWIFT_ASSET_SYMBOL_EXTENSIONS = YES;
				CLANG_ANALYZER_NONNULL = YES;
				CLANG_ANALYZER_NUMBER_OBJECT_CONVERSION = YES_AGGRESSIVE;
				CLANG_CXX_LANGUAGE_STANDARD = "gnu++20";
				CLANG_ENABLE_MODULES = YES;
				CLANG_ENABLE_OBJC_ARC = YES;
				CLANG_ENABLE_OBJC_WEAK = YES;
				CLANG_WARN_BLOCK_CAPTURE_AUTORELEASING = YES;
				CLANG_WARN_BOOL_CONVERSION = YES;
				CLANG_WARN_COMMA = YES;
				CLANG_WARN_CONSTANT_CONVERSION = YES;
				CLANG_WARN_DEPRECATED_OBJC_IMPLEMENTATIONS = YES;
				CLANG_WARN_DIRECT_OBJC_ISA_USAGE = YES_ERROR;
				CLANG_WARN_DOCUMENTATION_COMMENTS = YES;
				CLANG_WARN_EMPTY_BODY = YES;
				CLANG_WARN_ENUM_CONVERSION = YES;
				CLANG_WARN_INFINITE_RECURSION = YES;
				CLANG_WARN_INT_CONVERSION = YES;
				CLANG_WARN_NON_LITERAL_NULL_CONVERSION = YES;
				CLANG_WARN_OBJC_IMPLICIT_RETAIN_SELF = YES;
				CLANG_WARN_OBJC_LITERAL_CONVERSION = YES;
				CLANG_WARN_OBJC_ROOT_CLASS = YES_ERROR;
				CLANG_WARN_QUOTED_INCLUDE_IN_FRAMEWORK_HEADER = YES;
				CLANG_WARN_RANGE_LOOP_ANALYSIS = YES;
				CLANG_WARN_STRICT_PROTOTYPES = YES;
				CLANG_WARN_SUSPICIOUS_MOVE = YES;
				CLANG_WARN_UNGUARDED_AVAILABILITY = YES_AGGRESSIVE;
				CLANG_WARN_UNREACHABLE_CODE = YES;
				CLANG_WARN__DUPLICATE_METHOD_MATCH = YES;
				COPY_PHASE_STRIP = NO;
				DEBUG_INFORMATION_FORMAT = "dwarf-with-dsym";
				ENABLE_NS_ASSERTIONS = NO;
				ENABLE_STRICT_OBJC_MSGSEND = YES;
				ENABLE_USER_SCRIPT_SANDBOXING = YES;
				GCC_C_LANGUAGE_STANDARD = gnu17;
				GCC_NO_COMMON_BLOCKS = YES;
				GCC_WARN_64_TO_32_BIT_CONVERSION = YES;
				GCC_WARN_ABOUT_RETURN_TYPE = YES_ERROR;
				GCC_WARN_UNDECLARED_SELECTOR = YES;
				GCC_WARN_UNINITIALIZED_AUTOS = YES_AGGRESSIVE;
				GCC_WARN_UNUSED_FUNCTION = YES;
				GCC_WARN_UNUSED_VARIABLE = YES;
				IPHONEOS_DEPLOYMENT_TARGET = 17.5;
				LOCALIZATION_PREFERS_STRING_CATALOGS = YES;
				MTL_ENABLE_DEBUG_INFO = NO;
				MTL_FAST_MATH = YES;
				SDKROOT = iphoneos;
				SWIFT_COMPILATION_MODE = wholemodule;
				VALIDATE_PRODUCT = YES;
			};
			name = Release;
		};
		7A2E2CB52C576998004C6B30 /* Debug */ = {
			isa = XCBuildConfiguration;
			buildSettings = {
				ASSETCATALOG_COMPILER_APPICON_NAME = AppIcon;
				ASSETCATALOG_COMPILER_GLOBAL_ACCENT_COLOR_NAME = AccentColor;
				CODE_SIGN_STYLE = Automatic;
				CURRENT_PROJECT_VERSION = 1;
				DEVELOPMENT_TEAM = 9Q47TYNJJ4;
				GENERATE_INFOPLIST_FILE = YES;
				INFOPLIST_FILE = Pocket/Info.plist;
				INFOPLIST_KEY_UIApplicationSupportsIndirectInputEvents = YES;
				INFOPLIST_KEY_UILaunchStoryboardName = LaunchScreen;
				INFOPLIST_KEY_UIMainStoryboardFile = Main;
				INFOPLIST_KEY_UISupportedInterfaceOrientations_iPad = "UIInterfaceOrientationPortrait UIInterfaceOrientationPortraitUpsideDown UIInterfaceOrientationLandscapeLeft UIInterfaceOrientationLandscapeRight";
				INFOPLIST_KEY_UISupportedInterfaceOrientations_iPhone = "UIInterfaceOrientationPortrait UIInterfaceOrientationLandscapeLeft UIInterfaceOrientationLandscapeRight";
				IPHONEOS_DEPLOYMENT_TARGET = 14.0;
				LD_RUNPATH_SEARCH_PATHS = (
					"$(inherited)",
					"@executable_path/Frameworks",
				);
				MARKETING_VERSION = 1.0;
				PRODUCT_BUNDLE_IDENTIFIER = siamsharif.Pocket;
				PRODUCT_NAME = "$(TARGET_NAME)";
				SWIFT_EMIT_LOC_STRINGS = YES;
				SWIFT_VERSION = 5.0;
				TARGETED_DEVICE_FAMILY = "1,2";
			};
			name = Debug;
		};
		7A2E2CB62C576998004C6B30 /* Release */ = {
			isa = XCBuildConfiguration;
			buildSettings = {
				ASSETCATALOG_COMPILER_APPICON_NAME = AppIcon;
				ASSETCATALOG_COMPILER_GLOBAL_ACCENT_COLOR_NAME = AccentColor;
				CODE_SIGN_STYLE = Automatic;
				CURRENT_PROJECT_VERSION = 1;
				DEVELOPMENT_TEAM = 9Q47TYNJJ4;
				GENERATE_INFOPLIST_FILE = YES;
				INFOPLIST_FILE = Pocket/Info.plist;
				INFOPLIST_KEY_UIApplicationSupportsIndirectInputEvents = YES;
				INFOPLIST_KEY_UILaunchStoryboardName = LaunchScreen;
				INFOPLIST_KEY_UIMainStoryboardFile = Main;
				INFOPLIST_KEY_UISupportedInterfaceOrientations_iPad = "UIInterfaceOrientationPortrait UIInterfaceOrientationPortraitUpsideDown UIInterfaceOrientationLandscapeLeft UIInterfaceOrientationLandscapeRight";
				INFOPLIST_KEY_UISupportedInterfaceOrientations_iPhone = "UIInterfaceOrientationPortrait UIInterfaceOrientationLandscapeLeft UIInterfaceOrientationLandscapeRight";
				IPHONEOS_DEPLOYMENT_TARGET = 14.0;
				LD_RUNPATH_SEARCH_PATHS = (
					"$(inherited)",
					"@executable_path/Frameworks",
				);
				MARKETING_VERSION = 1.0;
				PRODUCT_BUNDLE_IDENTIFIER = siamsharif.Pocket;
				PRODUCT_NAME = "$(TARGET_NAME)";
				SWIFT_EMIT_LOC_STRINGS = YES;
				SWIFT_VERSION = 5.0;
				TARGETED_DEVICE_FAMILY = "1,2";
			};
			name = Release;
		};
		7A2E2CB82C576998004C6B30 /* Debug */ = {
			isa = XCBuildConfiguration;
			buildSettings = {
				ALWAYS_EMBED_SWIFT_STANDARD_LIBRARIES = YES;
				BUNDLE_LOADER = "$(TEST_HOST)";
				CODE_SIGN_STYLE = Automatic;
				CURRENT_PROJECT_VERSION = 1;
				DEVELOPMENT_TEAM = 9Q47TYNJJ4;
				GENERATE_INFOPLIST_FILE = YES;
				IPHONEOS_DEPLOYMENT_TARGET = 17.5;
				MARKETING_VERSION = 1.0;
				PRODUCT_BUNDLE_IDENTIFIER = siamsharif.PocketTests;
				PRODUCT_NAME = "$(TARGET_NAME)";
				SWIFT_EMIT_LOC_STRINGS = NO;
				SWIFT_VERSION = 5.0;
				TARGETED_DEVICE_FAMILY = "1,2";
				TEST_HOST = "$(BUILT_PRODUCTS_DIR)/Pocket.app/$(BUNDLE_EXECUTABLE_FOLDER_PATH)/Pocket";
			};
			name = Debug;
		};
		7A2E2CB92C576998004C6B30 /* Release */ = {
			isa = XCBuildConfiguration;
			buildSettings = {
				ALWAYS_EMBED_SWIFT_STANDARD_LIBRARIES = YES;
				BUNDLE_LOADER = "$(TEST_HOST)";
				CODE_SIGN_STYLE = Automatic;
				CURRENT_PROJECT_VERSION = 1;
				DEVELOPMENT_TEAM = 9Q47TYNJJ4;
				GENERATE_INFOPLIST_FILE = YES;
				IPHONEOS_DEPLOYMENT_TARGET = 17.5;
				MARKETING_VERSION = 1.0;
				PRODUCT_BUNDLE_IDENTIFIER = siamsharif.PocketTests;
				PRODUCT_NAME = "$(TARGET_NAME)";
				SWIFT_EMIT_LOC_STRINGS = NO;
				SWIFT_VERSION = 5.0;
				TARGETED_DEVICE_FAMILY = "1,2";
				TEST_HOST = "$(BUILT_PRODUCTS_DIR)/Pocket.app/$(BUNDLE_EXECUTABLE_FOLDER_PATH)/Pocket";
			};
			name = Release;
		};
		7A2E2CBB2C576998004C6B30 /* Debug */ = {
			isa = XCBuildConfiguration;
			buildSettings = {
				ALWAYS_EMBED_SWIFT_STANDARD_LIBRARIES = YES;
				CODE_SIGN_STYLE = Automatic;
				CURRENT_PROJECT_VERSION = 1;
				DEVELOPMENT_TEAM = 9Q47TYNJJ4;
				GENERATE_INFOPLIST_FILE = YES;
				MARKETING_VERSION = 1.0;
				PRODUCT_BUNDLE_IDENTIFIER = siamsharif.PocketUITests;
				PRODUCT_NAME = "$(TARGET_NAME)";
				SWIFT_EMIT_LOC_STRINGS = NO;
				SWIFT_VERSION = 5.0;
				TARGETED_DEVICE_FAMILY = "1,2";
				TEST_TARGET_NAME = Pocket;
			};
			name = Debug;
		};
		7A2E2CBC2C576998004C6B30 /* Release */ = {
			isa = XCBuildConfiguration;
			buildSettings = {
				ALWAYS_EMBED_SWIFT_STANDARD_LIBRARIES = YES;
				CODE_SIGN_STYLE = Automatic;
				CURRENT_PROJECT_VERSION = 1;
				DEVELOPMENT_TEAM = 9Q47TYNJJ4;
				GENERATE_INFOPLIST_FILE = YES;
				MARKETING_VERSION = 1.0;
				PRODUCT_BUNDLE_IDENTIFIER = siamsharif.PocketUITests;
				PRODUCT_NAME = "$(TARGET_NAME)";
				SWIFT_EMIT_LOC_STRINGS = NO;
				SWIFT_VERSION = 5.0;
				TARGETED_DEVICE_FAMILY = "1,2";
				TEST_TARGET_NAME = Pocket;
			};
			name = Release;
		};
/* End XCBuildConfiguration section */

/* Begin XCConfigurationList section */
		7A2E2C852C576997004C6B30 /* Build configuration list for PBXProject "Pocket" */ = {
			isa = XCConfigurationList;
			buildConfigurations = (
				7A2E2CB22C576998004C6B30 /* Debug */,
				7A2E2CB32C576998004C6B30 /* Release */,
			);
			defaultConfigurationIsVisible = 0;
			defaultConfigurationName = Release;
		};
		7A2E2CB42C576998004C6B30 /* Build configuration list for PBXNativeTarget "Pocket" */ = {
			isa = XCConfigurationList;
			buildConfigurations = (
				7A2E2CB52C576998004C6B30 /* Debug */,
				7A2E2CB62C576998004C6B30 /* Release */,
			);
			defaultConfigurationIsVisible = 0;
			defaultConfigurationName = Release;
		};
		7A2E2CB72C576998004C6B30 /* Build configuration list for PBXNativeTarget "PocketTests" */ = {
			isa = XCConfigurationList;
			buildConfigurations = (
				7A2E2CB82C576998004C6B30 /* Debug */,
				7A2E2CB92C576998004C6B30 /* Release */,
			);
			defaultConfigurationIsVisible = 0;
			defaultConfigurationName = Release;
		};
		7A2E2CBA2C576998004C6B30 /* Build configuration list for PBXNativeTarget "PocketUITests" */ = {
			isa = XCConfigurationList;
			buildConfigurations = (
				7A2E2CBB2C576998004C6B30 /* Debug */,
				7A2E2CBC2C576998004C6B30 /* Release */,
			);
			defaultConfigurationIsVisible = 0;
			defaultConfigurationName = Release;
		};
/* End XCConfigurationList section */
	};
	rootObject = 7A2E2C822C576997004C6B30 /* Project object */;
}
